
Microsoft Visual Studio Solution File, Format Version 12.00
# Visual Studio Version 17
VisualStudioVersion = 17.0.31611.283
MinimumVisualStudioVersion = 10.0.40219.1
Project("{9A19103F-16F7-4668-BE54-9A1E7A4F7556}") = "kvexplorer.shared", "kvexplorer.shared\kvexplorer.shared.csproj", "{0C65688F-62C2-4B06-8611-BF94C9598551}"
EndProject
Project("{9A19103F-16F7-4668-BE54-9A1E7A4F7556}") = "kvexplorer", "kvexplorer\kvexplorer.csproj", "{8BFCC07A-A60D-49E0-B1F6-8FAD1CD4F986}"
EndProject
Project("{9A19103F-16F7-4668-BE54-9A1E7A4F7556}") = "kvexplorer.Desktop", "kvexplorer.Desktop\kvexplorer.Desktop.csproj", "{2C8F3B54-D3B7-454D-B48A-08F2EBBAB1BA}"
EndProject
Project("{2150E333-8FDC-42A3-9474-1A3956D46DE8}") = "Solution Items", "Solution Items", "{F54C073E-0437-4F14-B96D-670DE6F3AAEE}"
	ProjectSection(SolutionItems) = preProject
		.editorconfig = .editorconfig
		build.ps1 = build.ps1
	EndProjectSection
EndProject
Project("{9A19103F-16F7-4668-BE54-9A1E7A4F7556}") = "kvexplorer.Desktop.Windows", "kvexplorer.Desktop.Windows\kvexplorer.Desktop.Windows.csproj", "{E14523A4-6AFF-4F4F-8CFA-9D37663DBF86}"
EndProject
Global
	GlobalSection(SolutionConfigurationPlatforms) = preSolution
		Debug|Any CPU = Debug|Any CPU
		Release|Any CPU = Release|Any CPU
	EndGlobalSection
	GlobalSection(ProjectConfigurationPlatforms) = postSolution
		{0C65688F-62C2-4B06-8611-BF94C9598551}.Debug|Any CPU.ActiveCfg = Debug|Any CPU
		{0C65688F-62C2-4B06-8611-BF94C9598551}.Debug|Any CPU.Build.0 = Debug|Any CPU
		{0C65688F-62C2-4B06-8611-BF94C9598551}.Release|Any CPU.ActiveCfg = Release|Any CPU
		{0C65688F-62C2-4B06-8611-BF94C9598551}.Release|Any CPU.Build.0 = Release|Any CPU
		{8BFCC07A-A60D-49E0-B1F6-8FAD1CD4F986}.Debug|Any CPU.ActiveCfg = Debug|Any CPU
		{8BFCC07A-A60D-49E0-B1F6-8FAD1CD4F986}.Debug|Any CPU.Build.0 = Debug|Any CPU
		{8BFCC07A-A60D-49E0-B1F6-8FAD1CD4F986}.Release|Any CPU.ActiveCfg = Release|Any CPU
		{8BFCC07A-A60D-49E0-B1F6-8FAD1CD4F986}.Release|Any CPU.Build.0 = Release|Any CPU
		{2C8F3B54-D3B7-454D-B48A-08F2EBBAB1BA}.Debug|Any CPU.ActiveCfg = Debug|Any CPU
		{2C8F3B54-D3B7-454D-B48A-08F2EBBAB1BA}.Debug|Any CPU.Build.0 = Debug|Any CPU
		{2C8F3B54-D3B7-454D-B48A-08F2EBBAB1BA}.Release|Any CPU.ActiveCfg = Release|Any CPU
		{2C8F3B54-D3B7-454D-B48A-08F2EBBAB1BA}.Release|Any CPU.Build.0 = Release|Any CPU
		{E14523A4-6AFF-4F4F-8CFA-9D37663DBF86}.Debug|Any CPU.ActiveCfg = Debug|Any CPU
		{E14523A4-6AFF-4F4F-8CFA-9D37663DBF86}.Debug|Any CPU.Build.0 = Debug|Any CPU
		{E14523A4-6AFF-4F4F-8CFA-9D37663DBF86}.Release|Any CPU.ActiveCfg = Release|Any CPU
		{E14523A4-6AFF-4F4F-8CFA-9D37663DBF86}.Release|Any CPU.Build.0 = Release|Any CPU
	EndGlobalSection
	GlobalSection(SolutionProperties) = preSolution
		HideSolutionNode = FALSE
	EndGlobalSection
	GlobalSection(ExtensibilityGlobals) = postSolution
		SolutionGuid = {61F7FB11-1E47-470C-91E2-47F8143E1572}
	EndGlobalSection
EndGlobal
