
Microsoft Visual Studio Solution File, Format Version 12.00
# Visual Studio Version 17
VisualStudioVersion = 17.0.31611.283
MinimumVisualStudioVersion = 10.0.40219.1
Project("{9A19103F-16F7-4668-BE54-9A1E7A4F7556}") = "kvexplorer", "kvexplorer-maui\kvexplorer.csproj", "{DFFA4840-CF63-4095-B0E2-61456F27977E}"
EndProject
Project("{FAE04EC0-301F-11D3-BF4B-00C04F79EFBC}") = "kvexplorer-av", "kvexplorer-av\kvexplorer-av.csproj", "{CCADEBE0-4E0D-4EF5-B8D8-4E70326BB015}"
EndProject
Global
	GlobalSection(SolutionConfigurationPlatforms) = preSolution
		Debug|Any CPU = Debug|Any CPU
		Release|Any CPU = Release|Any CPU
	EndGlobalSection
	GlobalSection(ProjectConfigurationPlatforms) = postSolution
		{DFFA4840-CF63-4095-B0E2-61456F27977E}.Debug|Any CPU.ActiveCfg = Debug|Any CPU
		{DFFA4840-CF63-4095-B0E2-61456F27977E}.Debug|Any CPU.Build.0 = Debug|Any CPU
		{DFFA4840-CF63-4095-B0E2-61456F27977E}.Debug|Any CPU.Deploy.0 = Debug|Any CPU
		{DFFA4840-CF63-4095-B0E2-61456F27977E}.Release|Any CPU.ActiveCfg = Release|Any CPU
		{DFFA4840-CF63-4095-B0E2-61456F27977E}.Release|Any CPU.Build.0 = Release|Any CPU
		{DFFA4840-CF63-4095-B0E2-61456F27977E}.Release|Any CPU.Deploy.0 = Release|Any CPU
		{CCADEBE0-4E0D-4EF5-B8D8-4E70326BB015}.Debug|Any CPU.ActiveCfg = Debug|Any CPU
		{CCADEBE0-4E0D-4EF5-B8D8-4E70326BB015}.Debug|Any CPU.Build.0 = Debug|Any CPU
		{CCADEBE0-4E0D-4EF5-B8D8-4E70326BB015}.Release|Any CPU.ActiveCfg = Release|Any CPU
		{CCADEBE0-4E0D-4EF5-B8D8-4E70326BB015}.Release|Any CPU.Build.0 = Release|Any CPU
	EndGlobalSection
	GlobalSection(SolutionProperties) = preSolution
		HideSolutionNode = FALSE
	EndGlobalSection
	GlobalSection(ExtensibilityGlobals) = postSolution
		SolutionGuid = {61F7FB11-1E47-470C-91E2-47F8143E1572}
	EndGlobalSection
EndGlobal
